
Microsoft Visual Studio Solution File, Format Version 12.00
# Visual Studio Version 17
VisualStudioVersion = 17.14.36717.8 d17.14
MinimumVisualStudioVersion = 10.0.40219.1
Project("{FAE04EC0-301F-11D3-BF4B-00C04F79EFBC}") = "allens_homework", "allens_homework\allens_homework.csproj", "{D5A9E0F2-ED5D-42AD-A667-CC7F30D163ED}"
EndProject
Project("{2150E333-8FDC-42A3-9474-1A3956D46DE8}") = "方案項目", "方案項目", "{8DDC4786-5FC8-F15C-1CA5-9F41FD4BEB75}"
EndProject
Project("{FAE04EC0-301F-11D3-BF4B-00C04F79EFBC}") = "iSpandemo", "..\iSpandemo\iSpandemo\iSpandemo.csproj", "{524FE74B-851E-54F6-0E4D-5EB7198AFD99}"
EndProject
Global
	GlobalSection(SolutionConfigurationPlatforms) = preSolution
		Debug|Any CPU = Debug|Any CPU
		Release|Any CPU = Release|Any CPU
	EndGlobalSection
	GlobalSection(ProjectConfigurationPlatforms) = postSolution
		{D5A9E0F2-ED5D-42AD-A667-CC7F30D163ED}.Debug|Any CPU.ActiveCfg = Debug|Any CPU
		{D5A9E0F2-ED5D-42AD-A667-CC7F30D163ED}.Debug|Any CPU.Build.0 = Debug|Any CPU
		{D5A9E0F2-ED5D-42AD-A667-CC7F30D163ED}.Release|Any CPU.ActiveCfg = Release|Any CPU
		{D5A9E0F2-ED5D-42AD-A667-CC7F30D163ED}.Release|Any CPU.Build.0 = Release|Any CPU
		{524FE74B-851E-54F6-0E4D-5EB7198AFD99}.Debug|Any CPU.ActiveCfg = Debug|Any CPU
		{524FE74B-851E-54F6-0E4D-5EB7198AFD99}.Debug|Any CPU.Build.0 = Debug|Any CPU
		{524FE74B-851E-54F6-0E4D-5EB7198AFD99}.Release|Any CPU.ActiveCfg = Release|Any CPU
		{524FE74B-851E-54F6-0E4D-5EB7198AFD99}.Release|Any CPU.Build.0 = Release|Any CPU
	EndGlobalSection
	GlobalSection(SolutionProperties) = preSolution
		HideSolutionNode = FALSE
	EndGlobalSection
	GlobalSection(ExtensibilityGlobals) = postSolution
		SolutionGuid = {E331C3C9-2FBE-4B2E-AA2C-4B87589A0679}
	EndGlobalSection
EndGlobal
